// !$*UTF8*$!
{
	archiveVersion = 1;
	classes = {
	};
	objectVersion = 50;
	objects = {

/* Begin PBXBuildFile section */
		5269CB7022A17501007F40C0 /* SecondViewController.swift in Sources */ = {isa = PBXBuildFile; fileRef = 5269CB6F22A17501007F40C0 /* SecondViewController.swift */; };
		5269CB7122A17583007F40C0 /* FirstViewController.swift in Sources */ = {isa = PBXBuildFile; fileRef = 5269CB6D22A172A9007F40C0 /* FirstViewController.swift */; };
		52A8C3DA229FFEFE00F101CC /* AppDelegate.swift in Sources */ = {isa = PBXBuildFile; fileRef = 52A8C3D9229FFEFE00F101CC /* AppDelegate.swift */; };
		52A8C3DC229FFEFE00F101CC /* ViewController.swift in Sources */ = {isa = PBXBuildFile; fileRef = 52A8C3DB229FFEFE00F101CC /* ViewController.swift */; };
		52A8C3DF229FFEFE00F101CC /* Main.storyboard in Resources */ = {isa = PBXBuildFile; fileRef = 52A8C3DD229FFEFE00F101CC /* Main.storyboard */; };
		52A8C3E1229FFEFF00F101CC /* Assets.xcassets in Resources */ = {isa = PBXBuildFile; fileRef = 52A8C3E0229FFEFF00F101CC /* Assets.xcassets */; };
		52A8C3E4229FFEFF00F101CC /* LaunchScreen.storyboard in Resources */ = {isa = PBXBuildFile; fileRef = 52A8C3E2229FFEFF00F101CC /* LaunchScreen.storyboard */; };
		52A8C3EF229FFEFF00F101CC /* SliderTests.swift in Sources */ = {isa = PBXBuildFile; fileRef = 52A8C3EE229FFEFF00F101CC /* SliderTests.swift */; };
		52A8C3FA229FFEFF00F101CC /* SliderUITests.swift in Sources */ = {isa = PBXBuildFile; fileRef = 52A8C3F9229FFEFF00F101CC /* SliderUITests.swift */; };
/* End PBXBuildFile section */

/* Begin PBXContainerItemProxy section */
		52A8C3EB229FFEFF00F101CC /* PBXContainerItemProxy */ = {
			isa = PBXContainerItemProxy;
			containerPortal = 52A8C3CE229FFEFE00F101CC /* Project object */;
			proxyType = 1;
			remoteGlobalIDString = 52A8C3D5229FFEFE00F101CC;
			remoteInfo = Slider;
		};
		52A8C3F6229FFEFF00F101CC /* PBXContainerItemProxy */ = {
			isa = PBXContainerItemProxy;
			containerPortal = 52A8C3CE229FFEFE00F101CC /* Project object */;
			proxyType = 1;
			remoteGlobalIDString = 52A8C3D5229FFEFE00F101CC;
			remoteInfo = Slider;
		};
/* End PBXContainerItemProxy section */

/* Begin PBXFileReference section */
		5269CB6D22A172A9007F40C0 /* FirstViewController.swift */ = {isa = PBXFileReference; lastKnownFileType = sourcecode.swift; path = FirstViewController.swift; sourceTree = "<group>"; };
		5269CB6F22A17501007F40C0 /* SecondViewController.swift */ = {isa = PBXFileReference; lastKnownFileType = sourcecode.swift; path = SecondViewController.swift; sourceTree = "<group>"; };
		52A8C3D6229FFEFE00F101CC /* Slider.app */ = {isa = PBXFileReference; explicitFileType = wrapper.application; includeInIndex = 0; path = Slider.app; sourceTree = BUILT_PRODUCTS_DIR; };
		52A8C3D9229FFEFE00F101CC /* AppDelegate.swift */ = {isa = PBXFileReference; lastKnownFileType = sourcecode.swift; path = AppDelegate.swift; sourceTree = "<group>"; };
		52A8C3DB229FFEFE00F101CC /* ViewController.swift */ = {isa = PBXFileReference; lastKnownFileType = sourcecode.swift; path = ViewController.swift; sourceTree = "<group>"; };
		52A8C3DE229FFEFE00F101CC /* Base */ = {isa = PBXFileReference; lastKnownFileType = file.storyboard; name = Base; path = Base.lproj/Main.storyboard; sourceTree = "<group>"; };
		52A8C3E0229FFEFF00F101CC /* Assets.xcassets */ = {isa = PBXFileReference; lastKnownFileType = folder.assetcatalog; path = Assets.xcassets; sourceTree = "<group>"; };
		52A8C3E3229FFEFF00F101CC /* Base */ = {isa = PBXFileReference; lastKnownFileType = file.storyboard; name = Base; path = Base.lproj/LaunchScreen.storyboard; sourceTree = "<group>"; };
		52A8C3E5229FFEFF00F101CC /* Info.plist */ = {isa = PBXFileReference; lastKnownFileType = text.plist.xml; path = Info.plist; sourceTree = "<group>"; };
		52A8C3EA229FFEFF00F101CC /* SliderTests.xctest */ = {isa = PBXFileReference; explicitFileType = wrapper.cfbundle; includeInIndex = 0; path = SliderTests.xctest; sourceTree = BUILT_PRODUCTS_DIR; };
		52A8C3EE229FFEFF00F101CC /* SliderTests.swift */ = {isa = PBXFileReference; lastKnownFileType = sourcecode.swift; path = SliderTests.swift; sourceTree = "<group>"; };
		52A8C3F0229FFEFF00F101CC /* Info.plist */ = {isa = PBXFileReference; lastKnownFileType = text.plist.xml; path = Info.plist; sourceTree = "<group>"; };
		52A8C3F5229FFEFF00F101CC /* SliderUITests.xctest */ = {isa = PBXFileReference; explicitFileType = wrapper.cfbundle; includeInIndex = 0; path = SliderUITests.xctest; sourceTree = BUILT_PRODUCTS_DIR; };
		52A8C3F9229FFEFF00F101CC /* SliderUITests.swift */ = {isa = PBXFileReference; lastKnownFileType = sourcecode.swift; path = SliderUITests.swift; sourceTree = "<group>"; };
		52A8C3FB229FFEFF00F101CC /* Info.plist */ = {isa = PBXFileReference; lastKnownFileType = text.plist.xml; path = Info.plist; sourceTree = "<group>"; };
/* End PBXFileReference section */

/* Begin PBXFrameworksBuildPhase section */
		52A8C3D3229FFEFE00F101CC /* Frameworks */ = {
			isa = PBXFrameworksBuildPhase;
			buildActionMask = 2147483647;
			files = (
			);
			runOnlyForDeploymentPostprocessing = 0;
		};
		52A8C3E7229FFEFF00F101CC /* Frameworks */ = {
			isa = PBXFrameworksBuildPhase;
			buildActionMask = 2147483647;
			files = (
			);
			runOnlyForDeploymentPostprocessing = 0;
		};
		52A8C3F2229FFEFF00F101CC /* Frameworks */ = {
			isa = PBXFrameworksBuildPhase;
			buildActionMask = 2147483647;
			files = (
			);
			runOnlyForDeploymentPostprocessing = 0;
		};
/* End PBXFrameworksBuildPhase section */

/* Begin PBXGroup section */
		52A8C3CD229FFEFE00F101CC = {
			isa = PBXGroup;
			children = (
				52A8C3D8229FFEFE00F101CC /* Slider */,
				52A8C3ED229FFEFF00F101CC /* SliderTests */,
				52A8C3F8229FFEFF00F101CC /* SliderUITests */,
				52A8C3D7229FFEFE00F101CC /* Products */,
			);
			sourceTree = "<group>";
		};
		52A8C3D7229FFEFE00F101CC /* Products */ = {
			isa = PBXGroup;
			children = (
				52A8C3D6229FFEFE00F101CC /* Slider.app */,
				52A8C3EA229FFEFF00F101CC /* SliderTests.xctest */,
				52A8C3F5229FFEFF00F101CC /* SliderUITests.xctest */,
			);
			name = Products;
			sourceTree = "<group>";
		};
		52A8C3D8229FFEFE00F101CC /* Slider */ = {
			isa = PBXGroup;
			children = (
				52A8C3D9229FFEFE00F101CC /* AppDelegate.swift */,
				52A8C3DB229FFEFE00F101CC /* ViewController.swift */,
				52A8C3DD229FFEFE00F101CC /* Main.storyboard */,
				52A8C3E0229FFEFF00F101CC /* Assets.xcassets */,
				52A8C3E2229FFEFF00F101CC /* LaunchScreen.storyboard */,
				52A8C3E5229FFEFF00F101CC /* Info.plist */,
				5269CB6D22A172A9007F40C0 /* FirstViewController.swift */,
				5269CB6F22A17501007F40C0 /* SecondViewController.swift */,
			);
			path = Slider;
			sourceTree = "<group>";
		};
		52A8C3ED229FFEFF00F101CC /* SliderTests */ = {
			isa = PBXGroup;
			children = (
				52A8C3EE229FFEFF00F101CC /* SliderTests.swift */,
				52A8C3F0229FFEFF00F101CC /* Info.plist */,
			);
			path = SliderTests;
			sourceTree = "<group>";
		};
		52A8C3F8229FFEFF00F101CC /* SliderUITests */ = {
			isa = PBXGroup;
			children = (
				52A8C3F9229FFEFF00F101CC /* SliderUITests.swift */,
				52A8C3FB229FFEFF00F101CC /* Info.plist */,
			);
			path = SliderUITests;
			sourceTree = "<group>";
		};
/* End PBXGroup section */

/* Begin PBXNativeTarget section */
		52A8C3D5229FFEFE00F101CC /* Slider */ = {
			isa = PBXNativeTarget;
			buildConfigurationList = 52A8C3FE229FFEFF00F101CC /* Build configuration list for PBXNativeTarget "Slider" */;
			buildPhases = (
				52A8C3D2229FFEFE00F101CC /* Sources */,
				52A8C3D3229FFEFE00F101CC /* Frameworks */,
				52A8C3D4229FFEFE00F101CC /* Resources */,
			);
			buildRules = (
			);
			dependencies = (
			);
			name = Slider;
			productName = Slider;
			productReference = 52A8C3D6229FFEFE00F101CC /* Slider.app */;
			productType = "com.apple.product-type.application";
		};
		52A8C3E9229FFEFF00F101CC /* SliderTests */ = {
			isa = PBXNativeTarget;
			buildConfigurationList = 52A8C401229FFEFF00F101CC /* Build configuration list for PBXNativeTarget "SliderTests" */;
			buildPhases = (
				52A8C3E6229FFEFF00F101CC /* Sources */,
				52A8C3E7229FFEFF00F101CC /* Frameworks */,
				52A8C3E8229FFEFF00F101CC /* Resources */,
			);
			buildRules = (
			);
			dependencies = (
				52A8C3EC229FFEFF00F101CC /* PBXTargetDependency */,
			);
			name = SliderTests;
			productName = SliderTests;
			productReference = 52A8C3EA229FFEFF00F101CC /* SliderTests.xctest */;
			productType = "com.apple.product-type.bundle.unit-test";
		};
		52A8C3F4229FFEFF00F101CC /* SliderUITests */ = {
			isa = PBXNativeTarget;
			buildConfigurationList = 52A8C404229FFEFF00F101CC /* Build configuration list for PBXNativeTarget "SliderUITests" */;
			buildPhases = (
				52A8C3F1229FFEFF00F101CC /* Sources */,
				52A8C3F2229FFEFF00F101CC /* Frameworks */,
				52A8C3F3229FFEFF00F101CC /* Resources */,
			);
			buildRules = (
			);
			dependencies = (
				52A8C3F7229FFEFF00F101CC /* PBXTargetDependency */,
			);
			name = SliderUITests;
			productName = SliderUITests;
			productReference = 52A8C3F5229FFEFF00F101CC /* SliderUITests.xctest */;
			productType = "com.apple.product-type.bundle.ui-testing";
		};
/* End PBXNativeTarget section */

/* Begin PBXProject section */
		52A8C3CE229FFEFE00F101CC /* Project object */ = {
			isa = PBXProject;
			attributes = {
				LastSwiftUpdateCheck = 1010;
				LastUpgradeCheck = 1010;
				ORGANIZATIONNAME = "Macbook Pro";
				TargetAttributes = {
					52A8C3D5229FFEFE00F101CC = {
						CreatedOnToolsVersion = 10.1;
					};
					52A8C3E9229FFEFF00F101CC = {
						CreatedOnToolsVersion = 10.1;
						TestTargetID = 52A8C3D5229FFEFE00F101CC;
					};
					52A8C3F4229FFEFF00F101CC = {
						CreatedOnToolsVersion = 10.1;
						TestTargetID = 52A8C3D5229FFEFE00F101CC;
					};
				};
			};
			buildConfigurationList = 52A8C3D1229FFEFE00F101CC /* Build configuration list for PBXProject "Slider" */;
			compatibilityVersion = "Xcode 9.3";
			developmentRegion = en;
			hasScannedForEncodings = 0;
			knownRegions = (
				en,
				Base,
			);
			mainGroup = 52A8C3CD229FFEFE00F101CC;
			productRefGroup = 52A8C3D7229FFEFE00F101CC /* Products */;
			projectDirPath = "";
			projectRoot = "";
			targets = (
				52A8C3D5229FFEFE00F101CC /* Slider */,
				52A8C3E9229FFEFF00F101CC /* SliderTests */,
				52A8C3F4229FFEFF00F101CC /* SliderUITests */,
			);
		};
/* End PBXProject section */

/* Begin PBXResourcesBuildPhase section */
		52A8C3D4229FFEFE00F101CC /* Resources */ = {
			isa = PBXResourcesBuildPhase;
			buildActionMask = 2147483647;
			files = (
				52A8C3E4229FFEFF00F101CC /* LaunchScreen.storyboard in Resources */,
				52A8C3E1229FFEFF00F101CC /* Assets.xcassets in Resources */,
				52A8C3DF229FFEFE00F101CC /* Main.storyboard in Resources */,
			);
			runOnlyForDeploymentPostprocessing = 0;
		};
		52A8C3E8229FFEFF00F101CC /* Resources */ = {
			isa = PBXResourcesBuildPhase;
			buildActionMask = 2147483647;
			files = (
			);
			runOnlyForDeploymentPostprocessing = 0;
		};
		52A8C3F3229FFEFF00F101CC /* Resources */ = {
			isa = PBXResourcesBuildPhase;
			buildActionMask = 2147483647;
			files = (
			);
			runOnlyForDeploymentPostprocessing = 0;
		};
/* End PBXResourcesBuildPhase section */

/* Begin PBXSourcesBuildPhase section */
		52A8C3D2229FFEFE00F101CC /* Sources */ = {
			isa = PBXSourcesBuildPhase;
			buildActionMask = 2147483647;
			files = (
				5269CB7122A17583007F40C0 /* FirstViewController.swift in Sources */,
				5269CB7022A17501007F40C0 /* SecondViewController.swift in Sources */,
				52A8C3DC229FFEFE00F101CC /* ViewController.swift in Sources */,
				52A8C3DA229FFEFE00F101CC /* AppDelegate.swift in Sources */,
			);
			runOnlyForDeploymentPostprocessing = 0;
		};
		52A8C3E6229FFEFF00F101CC /* Sources */ = {
			isa = PBXSourcesBuildPhase;
			buildActionMask = 2147483647;
			files = (
				52A8C3EF229FFEFF00F101CC /* SliderTests.swift in Sources */,
			);
			runOnlyForDeploymentPostprocessing = 0;
		};
		52A8C3F1229FFEFF00F101CC /* Sources */ = {
			isa = PBXSourcesBuildPhase;
			buildActionMask = 2147483647;
			files = (
				52A8C3FA229FFEFF00F101CC /* SliderUITests.swift in Sources */,
			);
			runOnlyForDeploymentPostprocessing = 0;
		};
/* End PBXSourcesBuildPhase section */

/* Begin PBXTargetDependency section */
		52A8C3EC229FFEFF00F101CC /* PBXTargetDependency */ = {
			isa = PBXTargetDependency;
			target = 52A8C3D5229FFEFE00F101CC /* Slider */;
			targetProxy = 52A8C3EB229FFEFF00F101CC /* PBXContainerItemProxy */;
		};
		52A8C3F7229FFEFF00F101CC /* PBXTargetDependency */ = {
			isa = PBXTargetDependency;
			target = 52A8C3D5229FFEFE00F101CC /* Slider */;
			targetProxy = 52A8C3F6229FFEFF00F101CC /* PBXContainerItemProxy */;
		};
/* End PBXTargetDependency section */

/* Begin PBXVariantGroup section */
		52A8C3DD229FFEFE00F101CC /* Main.storyboard */ = {
			isa = PBXVariantGroup;
			children = (
				52A8C3DE229FFEFE00F101CC /* Base */,
			);
			name = Main.storyboard;
			sourceTree = "<group>";
		};
		52A8C3E2229FFEFF00F101CC /* LaunchScreen.storyboard */ = {
			isa = PBXVariantGroup;
			children = (
				52A8C3E3229FFEFF00F101CC /* Base */,
			);
			name = LaunchScreen.storyboard;
			sourceTree = "<group>";
		};
/* End PBXVariantGroup section */

/* Begin XCBuildConfiguration section */
		52A8C3FC229FFEFF00F101CC /* Debug */ = {
			isa = XCBuildConfiguration;
			buildSettings = {
				ALWAYS_SEARCH_USER_PATHS = NO;
				CLANG_ANALYZER_NONNULL = YES;
				CLANG_ANALYZER_NUMBER_OBJECT_CONVERSION = YES_AGGRESSIVE;
				CLANG_CXX_LANGUAGE_STANDARD = "gnu++14";
				CLANG_CXX_LIBRARY = "libc++";
				CLANG_ENABLE_MODULES = YES;
				CLANG_ENABLE_OBJC_ARC = YES;
				CLANG_ENABLE_OBJC_WEAK = YES;
				CLANG_WARN_BLOCK_CAPTURE_AUTORELEASING = YES;
				CLANG_WARN_BOOL_CONVERSION = YES;
				CLANG_WARN_COMMA = YES;
				CLANG_WARN_CONSTANT_CONVERSION = YES;
				CLANG_WARN_DEPRECATED_OBJC_IMPLEMENTATIONS = YES;
				CLANG_WARN_DIRECT_OBJC_ISA_USAGE = YES_ERROR;
				CLANG_WARN_DOCUMENTATION_COMMENTS = YES;
				CLANG_WARN_EMPTY_BODY = YES;
				CLANG_WARN_ENUM_CONVERSION = YES;
				CLANG_WARN_INFINITE_RECURSION = YES;
				CLANG_WARN_INT_CONVERSION = YES;
				CLANG_WARN_NON_LITERAL_NULL_CONVERSION = YES;
				CLANG_WARN_OBJC_IMPLICIT_RETAIN_SELF = YES;
				CLANG_WARN_OBJC_LITERAL_CONVERSION = YES;
				CLANG_WARN_OBJC_ROOT_CLASS = YES_ERROR;
				CLANG_WARN_RANGE_LOOP_ANALYSIS = YES;
				CLANG_WARN_STRICT_PROTOTYPES = YES;
				CLANG_WARN_SUSPICIOUS_MOVE = YES;
				CLANG_WARN_UNGUARDED_AVAILABILITY = YES_AGGRESSIVE;
				CLANG_WARN_UNREACHABLE_CODE = YES;
				CLANG_WARN__DUPLICATE_METHOD_MATCH = YES;
				CODE_SIGN_IDENTITY = "iPhone Developer";
				COPY_PHASE_STRIP = NO;
				DEBUG_INFORMATION_FORMAT = dwarf;
				ENABLE_STRICT_OBJC_MSGSEND = YES;
				ENABLE_TESTABILITY = YES;
				GCC_C_LANGUAGE_STANDARD = gnu11;
				GCC_DYNAMIC_NO_PIC = NO;
				GCC_NO_COMMON_BLOCKS = YES;
				GCC_OPTIMIZATION_LEVEL = 0;
				GCC_PREPROCESSOR_DEFINITIONS = (
					"DEBUG=1",
					"$(inherited)",
				);
				GCC_WARN_64_TO_32_BIT_CONVERSION = YES;
				GCC_WARN_ABOUT_RETURN_TYPE = YES_ERROR;
				GCC_WARN_UNDECLARED_SELECTOR = YES;
				GCC_WARN_UNINITIALIZED_AUTOS = YES_AGGRESSIVE;
				GCC_WARN_UNUSED_FUNCTION = YES;
				GCC_WARN_UNUSED_VARIABLE = YES;
				IPHONEOS_DEPLOYMENT_TARGET = 12.1;
				MTL_ENABLE_DEBUG_INFO = INCLUDE_SOURCE;
				MTL_FAST_MATH = YES;
				ONLY_ACTIVE_ARCH = YES;
				SDKROOT = iphoneos;
				SWIFT_ACTIVE_COMPILATION_CONDITIONS = DEBUG;
				SWIFT_OPTIMIZATION_LEVEL = "-Onone";
			};
			name = Debug;
		};
		52A8C3FD229FFEFF00F101CC /* Release */ = {
			isa = XCBuildConfiguration;
			buildSettings = {
				ALWAYS_SEARCH_USER_PATHS = NO;
				CLANG_ANALYZER_NONNULL = YES;
				CLANG_ANALYZER_NUMBER_OBJECT_CONVERSION = YES_AGGRESSIVE;
				CLANG_CXX_LANGUAGE_STANDARD = "gnu++14";
				CLANG_CXX_LIBRARY = "libc++";
				CLANG_ENABLE_MODULES = YES;
				CLANG_ENABLE_OBJC_ARC = YES;
				CLANG_ENABLE_OBJC_WEAK = YES;
				CLANG_WARN_BLOCK_CAPTURE_AUTORELEASING = YES;
				CLANG_WARN_BOOL_CONVERSION = YES;
				CLANG_WARN_COMMA = YES;
				CLANG_WARN_CONSTANT_CONVERSION = YES;
				CLANG_WARN_DEPRECATED_OBJC_IMPLEMENTATIONS = YES;
				CLANG_WARN_DIRECT_OBJC_ISA_USAGE = YES_ERROR;
				CLANG_WARN_DOCUMENTATION_COMMENTS = YES;
				CLANG_WARN_EMPTY_BODY = YES;
				CLANG_WARN_ENUM_CONVERSION = YES;
				CLANG_WARN_INFINITE_RECURSION = YES;
				CLANG_WARN_INT_CONVERSION = YES;
				CLANG_WARN_NON_LITERAL_NULL_CONVERSION = YES;
				CLANG_WARN_OBJC_IMPLICIT_RETAIN_SELF = YES;
				CLANG_WARN_OBJC_LITERAL_CONVERSION = YES;
				CLANG_WARN_OBJC_ROOT_CLASS = YES_ERROR;
				CLANG_WARN_RANGE_LOOP_ANALYSIS = YES;
				CLANG_WARN_STRICT_PROTOTYPES = YES;
				CLANG_WARN_SUSPICIOUS_MOVE = YES;
				CLANG_WARN_UNGUARDED_AVAILABILITY = YES_AGGRESSIVE;
				CLANG_WARN_UNREACHABLE_CODE = YES;
				CLANG_WARN__DUPLICATE_METHOD_MATCH = YES;
				CODE_SIGN_IDENTITY = "iPhone Developer";
				COPY_PHASE_STRIP = NO;
				DEBUG_INFORMATION_FORMAT = "dwarf-with-dsym";
				ENABLE_NS_ASSERTIONS = NO;
				ENABLE_STRICT_OBJC_MSGSEND = YES;
				GCC_C_LANGUAGE_STANDARD = gnu11;
				GCC_NO_COMMON_BLOCKS = YES;
				GCC_WARN_64_TO_32_BIT_CONVERSION = YES;
				GCC_WARN_ABOUT_RETURN_TYPE = YES_ERROR;
				GCC_WARN_UNDECLARED_SELECTOR = YES;
				GCC_WARN_UNINITIALIZED_AUTOS = YES_AGGRESSIVE;
				GCC_WARN_UNUSED_FUNCTION = YES;
				GCC_WARN_UNUSED_VARIABLE = YES;
				IPHONEOS_DEPLOYMENT_TARGET = 12.1;
				MTL_ENABLE_DEBUG_INFO = NO;
				MTL_FAST_MATH = YES;
				SDKROOT = iphoneos;
				SWIFT_COMPILATION_MODE = wholemodule;
				SWIFT_OPTIMIZATION_LEVEL = "-O";
				VALIDATE_PRODUCT = YES;
			};
			name = Release;
		};
		52A8C3FF229FFEFF00F101CC /* Debug */ = {
			isa = XCBuildConfiguration;
			buildSettings = {
				ASSETCATALOG_COMPILER_APPICON_NAME = AppIcon;
				CODE_SIGN_STYLE = Automatic;
				INFOPLIST_FILE = Slider/Info.plist;
				LD_RUNPATH_SEARCH_PATHS = (
					"$(inherited)",
					"@executable_path/Frameworks",
				);
				PRODUCT_BUNDLE_IDENTIFIER = com.bathanti.Slider;
				PRODUCT_NAME = "$(TARGET_NAME)";
				SWIFT_VERSION = 4.2;
				TARGETED_DEVICE_FAMILY = "1,2";
			};
			name = Debug;
		};
		52A8C400229FFEFF00F101CC /* Release */ = {
			isa = XCBuildConfiguration;
			buildSettings = {
				ASSETCATALOG_COMPILER_APPICON_NAME = AppIcon;
				CODE_SIGN_STYLE = Automatic;
				INFOPLIST_FILE = Slider/Info.plist;
				LD_RUNPATH_SEARCH_PATHS = (
					"$(inherited)",
					"@executable_path/Frameworks",
				);
				PRODUCT_BUNDLE_IDENTIFIER = com.bathanti.Slider;
				PRODUCT_NAME = "$(TARGET_NAME)";
				SWIFT_VERSION = 4.2;
				TARGETED_DEVICE_FAMILY = "1,2";
			};
			name = Release;
		};
		52A8C402229FFEFF00F101CC /* Debug */ = {
			isa = XCBuildConfiguration;
			buildSettings = {
				ALWAYS_EMBED_SWIFT_STANDARD_LIBRARIES = YES;
				BUNDLE_LOADER = "$(TEST_HOST)";
				CODE_SIGN_STYLE = Automatic;
				INFOPLIST_FILE = SliderTests/Info.plist;
				LD_RUNPATH_SEARCH_PATHS = (
					"$(inherited)",
					"@executable_path/Frameworks",
					"@loader_path/Frameworks",
				);
				PRODUCT_BUNDLE_IDENTIFIER = com.bathanti.SliderTests;
				PRODUCT_NAME = "$(TARGET_NAME)";
				SWIFT_VERSION = 4.2;
				TARGETED_DEVICE_FAMILY = "1,2";
				TEST_HOST = "$(BUILT_PRODUCTS_DIR)/Slider.app/Slider";
			};
			name = Debug;
		};
		52A8C403229FFEFF00F101CC /* Release */ = {
			isa = XCBuildConfiguration;
			buildSettings = {
				ALWAYS_EMBED_SWIFT_STANDARD_LIBRARIES = YES;
				BUNDLE_LOADER = "$(TEST_HOST)";
				CODE_SIGN_STYLE = Automatic;
				INFOPLIST_FILE = SliderTests/Info.plist;
				LD_RUNPATH_SEARCH_PATHS = (
					"$(inherited)",
					"@executable_path/Frameworks",
					"@loader_path/Frameworks",
				);
				PRODUCT_BUNDLE_IDENTIFIER = com.bathanti.SliderTests;
				PRODUCT_NAME = "$(TARGET_NAME)";
				SWIFT_VERSION = 4.2;
				TARGETED_DEVICE_FAMILY = "1,2";
				TEST_HOST = "$(BUILT_PRODUCTS_DIR)/Slider.app/Slider";
			};
			name = Release;
		};
		52A8C405229FFEFF00F101CC /* Debug */ = {
			isa = XCBuildConfiguration;
			buildSettings = {
				ALWAYS_EMBED_SWIFT_STANDARD_LIBRARIES = YES;
				CODE_SIGN_STYLE = Automatic;
				INFOPLIST_FILE = SliderUITests/Info.plist;
				LD_RUNPATH_SEARCH_PATHS = (
					"$(inherited)",
					"@executable_path/Frameworks",
					"@loader_path/Frameworks",
				);
				PRODUCT_BUNDLE_IDENTIFIER = com.bathanti.SliderUITests;
				PRODUCT_NAME = "$(TARGET_NAME)";
				SWIFT_VERSION = 4.2;
				TARGETED_DEVICE_FAMILY = "1,2";
				TEST_TARGET_NAME = Slider;
			};
			name = Debug;
		};
		52A8C406229FFEFF00F101CC /* Release */ = {
			isa = XCBuildConfiguration;
			buildSettings = {
				ALWAYS_EMBED_SWIFT_STANDARD_LIBRARIES = YES;
				CODE_SIGN_STYLE = Automatic;
				INFOPLIST_FILE = SliderUITests/Info.plist;
				LD_RUNPATH_SEARCH_PATHS = (
					"$(inherited)",
					"@executable_path/Frameworks",
					"@loader_path/Frameworks",
				);
				PRODUCT_BUNDLE_IDENTIFIER = com.bathanti.SliderUITests;
				PRODUCT_NAME = "$(TARGET_NAME)";
				SWIFT_VERSION = 4.2;
				TARGETED_DEVICE_FAMILY = "1,2";
				TEST_TARGET_NAME = Slider;
			};
			name = Release;
		};
/* End XCBuildConfiguration section */

/* Begin XCConfigurationList section */
		52A8C3D1229FFEFE00F101CC /* Build configuration list for PBXProject "Slider" */ = {
			isa = XCConfigurationList;
			buildConfigurations = (
				52A8C3FC229FFEFF00F101CC /* Debug */,
				52A8C3FD229FFEFF00F101CC /* Release */,
			);
			defaultConfigurationIsVisible = 0;
			defaultConfigurationName = Release;
		};
		52A8C3FE229FFEFF00F101CC /* Build configuration list for PBXNativeTarget "Slider" */ = {
			isa = XCConfigurationList;
			buildConfigurations = (
				52A8C3FF229FFEFF00F101CC /* Debug */,
				52A8C400229FFEFF00F101CC /* Release */,
			);
			defaultConfigurationIsVisible = 0;
			defaultConfigurationName = Release;
		};
		52A8C401229FFEFF00F101CC /* Build configuration list for PBXNativeTarget "SliderTests" */ = {
			isa = XCConfigurationList;
			buildConfigurations = (
				52A8C402229FFEFF00F101CC /* Debug */,
				52A8C403229FFEFF00F101CC /* Release */,
			);
			defaultConfigurationIsVisible = 0;
			defaultConfigurationName = Release;
		};
		52A8C404229FFEFF00F101CC /* Build configuration list for PBXNativeTarget "SliderUITests" */ = {
			isa = XCConfigurationList;
			buildConfigurations = (
				52A8C405229FFEFF00F101CC /* Debug */,
				52A8C406229FFEFF00F101CC /* Release */,
			);
			defaultConfigurationIsVisible = 0;
			defaultConfigurationName = Release;
		};
/* End XCConfigurationList section */
	};
	rootObject = 52A8C3CE229FFEFE00F101CC /* Project object */;
}
